
Microsoft Visual Studio Solution File, Format Version 12.00
# Visual Studio Version 17
VisualStudioVersion = 17.7.34009.444
MinimumVisualStudioVersion = 10.0.40219.1
Project("{9A19103F-16F7-4668-BE54-9A1E7A4F7556}") = "2 Power of Two", "2 Power of Two\2 Power of Two.csproj", "{9542238A-5918-413B-AE7B-22E38519DE8D}"
EndProject
Project("{9A19103F-16F7-4668-BE54-9A1E7A4F7556}") = "Drawing with Stars", "Drawing with Stars\Drawing with Stars.csproj", "{39901CD7-F3F3-47B1-ADB3-61A621589BDF}"
EndProject
Project("{9A19103F-16F7-4668-BE54-9A1E7A4F7556}") = "Three Nested Loops", "Three Nested Loops\Three Nested Loops.csproj", "{F51CDA95-07BC-41EE-8B65-B5C60317E28A}"
EndProject
Project("{FAE04EC0-301F-11D3-BF4B-00C04F79EFBC}") = "Three Rows and Two Columns", "Three Rows and Two Columns\Three Rows and Two Columns.csproj", "{ACF14594-4D4E-400C-A3B9-C74CC74595A6}"
EndProject
Global
	GlobalSection(SolutionConfigurationPlatforms) = preSolution
		Debug|Any CPU = Debug|Any CPU
		Release|Any CPU = Release|Any CPU
	EndGlobalSection
	GlobalSection(ProjectConfigurationPlatforms) = postSolution
		{9542238A-5918-413B-AE7B-22E38519DE8D}.Debug|Any CPU.ActiveCfg = Debug|Any CPU
		{9542238A-5918-413B-AE7B-22E38519DE8D}.Debug|Any CPU.Build.0 = Debug|Any CPU
		{9542238A-5918-413B-AE7B-22E38519DE8D}.Release|Any CPU.ActiveCfg = Release|Any CPU
		{9542238A-5918-413B-AE7B-22E38519DE8D}.Release|Any CPU.Build.0 = Release|Any CPU
		{39901CD7-F3F3-47B1-ADB3-61A621589BDF}.Debug|Any CPU.ActiveCfg = Debug|Any CPU
		{39901CD7-F3F3-47B1-ADB3-61A621589BDF}.Debug|Any CPU.Build.0 = Debug|Any CPU
		{39901CD7-F3F3-47B1-ADB3-61A621589BDF}.Release|Any CPU.ActiveCfg = Release|Any CPU
		{39901CD7-F3F3-47B1-ADB3-61A621589BDF}.Release|Any CPU.Build.0 = Release|Any CPU
		{F51CDA95-07BC-41EE-8B65-B5C60317E28A}.Debug|Any CPU.ActiveCfg = Debug|Any CPU
		{F51CDA95-07BC-41EE-8B65-B5C60317E28A}.Debug|Any CPU.Build.0 = Debug|Any CPU
		{F51CDA95-07BC-41EE-8B65-B5C60317E28A}.Release|Any CPU.ActiveCfg = Release|Any CPU
		{F51CDA95-07BC-41EE-8B65-B5C60317E28A}.Release|Any CPU.Build.0 = Release|Any CPU
		{ACF14594-4D4E-400C-A3B9-C74CC74595A6}.Debug|Any CPU.ActiveCfg = Debug|Any CPU
		{ACF14594-4D4E-400C-A3B9-C74CC74595A6}.Debug|Any CPU.Build.0 = Debug|Any CPU
		{ACF14594-4D4E-400C-A3B9-C74CC74595A6}.Release|Any CPU.ActiveCfg = Release|Any CPU
		{ACF14594-4D4E-400C-A3B9-C74CC74595A6}.Release|Any CPU.Build.0 = Release|Any CPU
	EndGlobalSection
	GlobalSection(SolutionProperties) = preSolution
		HideSolutionNode = FALSE
	EndGlobalSection
	GlobalSection(ExtensibilityGlobals) = postSolution
		SolutionGuid = {2E135142-1E06-41C2-83B6-E9296D3E673D}
	EndGlobalSection
EndGlobal
